
Microsoft Visual Studio Solution File, Format Version 12.00
# Visual Studio Version 17
VisualStudioVersion = 17.9.34622.214
MinimumVisualStudioVersion = 10.0.40219.1
Project("{FAE04EC0-301F-11D3-BF4B-00C04F79EFBC}") = "PilasColas", "PilasColas\PilasColas.csproj", "{746B2D45-9C69-48FE-8687-02C26737C81C}"
EndProject
Project("{FAE04EC0-301F-11D3-BF4B-00C04F79EFBC}") = "Arreglos", "Arreglos\Arreglos.csproj", "{50132765-5378-4F9B-8A83-7059D0B7963E}"
EndProject
Project("{FAE04EC0-301F-11D3-BF4B-00C04F79EFBC}") = "Listas", "Listas\Listas.csproj", "{672EE138-BD43-41C2-85CB-C96A6B3EB0AE}"
EndProject
Global
	GlobalSection(SolutionConfigurationPlatforms) = preSolution
		Debug|Any CPU = Debug|Any CPU
		Release|Any CPU = Release|Any CPU
	EndGlobalSection
	GlobalSection(ProjectConfigurationPlatforms) = postSolution
		{746B2D45-9C69-48FE-8687-02C26737C81C}.Debug|Any CPU.ActiveCfg = Debug|Any CPU
		{746B2D45-9C69-48FE-8687-02C26737C81C}.Debug|Any CPU.Build.0 = Debug|Any CPU
		{746B2D45-9C69-48FE-8687-02C26737C81C}.Release|Any CPU.ActiveCfg = Release|Any CPU
		{746B2D45-9C69-48FE-8687-02C26737C81C}.Release|Any CPU.Build.0 = Release|Any CPU
		{50132765-5378-4F9B-8A83-7059D0B7963E}.Debug|Any CPU.ActiveCfg = Debug|Any CPU
		{50132765-5378-4F9B-8A83-7059D0B7963E}.Debug|Any CPU.Build.0 = Debug|Any CPU
		{50132765-5378-4F9B-8A83-7059D0B7963E}.Release|Any CPU.ActiveCfg = Release|Any CPU
		{50132765-5378-4F9B-8A83-7059D0B7963E}.Release|Any CPU.Build.0 = Release|Any CPU
		{672EE138-BD43-41C2-85CB-C96A6B3EB0AE}.Debug|Any CPU.ActiveCfg = Debug|Any CPU
		{672EE138-BD43-41C2-85CB-C96A6B3EB0AE}.Debug|Any CPU.Build.0 = Debug|Any CPU
		{672EE138-BD43-41C2-85CB-C96A6B3EB0AE}.Release|Any CPU.ActiveCfg = Release|Any CPU
		{672EE138-BD43-41C2-85CB-C96A6B3EB0AE}.Release|Any CPU.Build.0 = Release|Any CPU
	EndGlobalSection
	GlobalSection(SolutionProperties) = preSolution
		HideSolutionNode = FALSE
	EndGlobalSection
	GlobalSection(ExtensibilityGlobals) = postSolution
		SolutionGuid = {A7C2D005-29FE-4A99-A471-B8944B764897}
	EndGlobalSection
EndGlobal
